
Microsoft Visual Studio Solution File, Format Version 12.00
# Visual Studio Version 17
VisualStudioVersion = 17.10.35013.160
MinimumVisualStudioVersion = 10.0.40219.1
Project("{FAE04EC0-301F-11D3-BF4B-00C04F79EFBC}") = "Innoverse", "Innoverse\Innoverse.csproj", "{5B23200A-D3B7-4E61-8912-24487B1BCE48}"
EndProject
Global
	GlobalSection(SolutionConfigurationPlatforms) = preSolution
		Debug|Any CPU = Debug|Any CPU
		Release|Any CPU = Release|Any CPU
	EndGlobalSection
	GlobalSection(ProjectConfigurationPlatforms) = postSolution
		{5B23200A-D3B7-4E61-8912-24487B1BCE48}.Debug|Any CPU.ActiveCfg = Debug|Any CPU
		{5B23200A-D3B7-4E61-8912-24487B1BCE48}.Debug|Any CPU.Build.0 = Debug|Any CPU
		{5B23200A-D3B7-4E61-8912-24487B1BCE48}.Release|Any CPU.ActiveCfg = Release|Any CPU
		{5B23200A-D3B7-4E61-8912-24487B1BCE48}.Release|Any CPU.Build.0 = Release|Any CPU
	EndGlobalSection
	GlobalSection(SolutionProperties) = preSolution
		HideSolutionNode = FALSE
	EndGlobalSection
	GlobalSection(ExtensibilityGlobals) = postSolution
		SolutionGuid = {2AB06992-3A70-42F3-99EB-E92597DCF160}
	EndGlobalSection
EndGlobal
